// !$*UTF8*$!
{
	archiveVersion = 1;
	classes = {
	};
	objectVersion = 48;
	objects = {

/* Begin PBXBuildFile section */
		C71FAADE1FC3D7D400CC8664 /* AppDelegate.swift in Sources */ = {isa = PBXBuildFile; fileRef = C71FAADD1FC3D7D400CC8664 /* AppDelegate.swift */; };
		C71FAAE01FC3D7D400CC8664 /* MomoViewController.swift in Sources */ = {isa = PBXBuildFile; fileRef = C71FAADF1FC3D7D400CC8664 /* MomoViewController.swift */; };
		C71FAAE31FC3D7D400CC8664 /* Main.storyboard in Resources */ = {isa = PBXBuildFile; fileRef = C71FAAE11FC3D7D400CC8664 /* Main.storyboard */; };
		C71FAAE51FC3D7D400CC8664 /* Assets.xcassets in Resources */ = {isa = PBXBuildFile; fileRef = C71FAAE41FC3D7D400CC8664 /* Assets.xcassets */; };
		C71FAAE81FC3D7D400CC8664 /* LaunchScreen.storyboard in Resources */ = {isa = PBXBuildFile; fileRef = C71FAAE61FC3D7D400CC8664 /* LaunchScreen.storyboard */; };
		C71FAAF01FC3D8A500CC8664 /* MomoPredict.mlmodel in Sources */ = {isa = PBXBuildFile; fileRef = C71FAAEF1FC3D8A400CC8664 /* MomoPredict.mlmodel */; };
		C71FAAF21FC3D90C00CC8664 /* OverlayView.swift in Sources */ = {isa = PBXBuildFile; fileRef = C71FAAF11FC3D90C00CC8664 /* OverlayView.swift */; };
		C72C6EF31FE4DA08005F8C0B /* MemberPredict.mlmodel in Sources */ = {isa = PBXBuildFile; fileRef = C72C6EF21FE4DA08005F8C0B /* MemberPredict.mlmodel */; };
		C72C6EF51FE4DCB9005F8C0B /* OpenFace.mlmodel in Sources */ = {isa = PBXBuildFile; fileRef = C72C6EF41FE4DCB9005F8C0B /* OpenFace.mlmodel */; };
		C72C6EF71FE4DDAD005F8C0B /* OpenFaceViewController.swift in Sources */ = {isa = PBXBuildFile; fileRef = C72C6EF61FE4DDAD005F8C0B /* OpenFaceViewController.swift */; };
		C72C6EF91FE4E156005F8C0B /* CVPixelBuffer+Helpers.swift in Sources */ = {isa = PBXBuildFile; fileRef = C72C6EF81FE4E156005F8C0B /* CVPixelBuffer+Helpers.swift */; };
		C72C6EFC1FE4E3B6005F8C0B /* Matrix.swift in Sources */ = {isa = PBXBuildFile; fileRef = C72C6EFA1FE4E3B6005F8C0B /* Matrix.swift */; };
		C72C6EFF1FE4F93A005F8C0B /* UIImage+CVPixelBuffer.swift in Sources */ = {isa = PBXBuildFile; fileRef = C72C6EFE1FE4F93A005F8C0B /* UIImage+CVPixelBuffer.swift */; };
		C72C6F011FE5044B005F8C0B /* clapton1.csv in Resources */ = {isa = PBXBuildFile; fileRef = C72C6F001FE5044B005F8C0B /* clapton1.csv */; };
		C72C6F051FE5237D005F8C0B /* clapton1_openface.csv in Resources */ = {isa = PBXBuildFile; fileRef = C72C6F041FE5237D005F8C0B /* clapton1_openface.csv */; };
		C72C6F071FE52476005F8C0B /* clapton2_openface.csv in Resources */ = {isa = PBXBuildFile; fileRef = C72C6F061FE52476005F8C0B /* clapton2_openface.csv */; };
		C72C6F091FE52557005F8C0B /* carell_openface.csv in Resources */ = {isa = PBXBuildFile; fileRef = C72C6F081FE52557005F8C0B /* carell_openface.csv */; };
		C72C6F0B1FE5601E005F8C0B /* lennon2.csv in Resources */ = {isa = PBXBuildFile; fileRef = C72C6F0A1FE5601E005F8C0B /* lennon2.csv */; };
		C746DC2B1FF3A23E005BC1E1 /* FaceNet2.mlmodel in Sources */ = {isa = PBXBuildFile; fileRef = C746DC2A1FF3A23E005BC1E1 /* FaceNet2.mlmodel */; };
		C746DC2D1FF3AA7C005BC1E1 /* lennon1.csv in Resources */ = {isa = PBXBuildFile; fileRef = C746DC2C1FF3AA7C005BC1E1 /* lennon1.csv */; };
		C76063B8201072CB00C416AB /* MemberOhashiPredict.mlmodel in Sources */ = {isa = PBXBuildFile; fileRef = C76063B7201072CB00C416AB /* MemberOhashiPredict.mlmodel */; };
		C7A203131FF5F4D9000DCB94 /* taniai1.csv in Resources */ = {isa = PBXBuildFile; fileRef = C7A2030F1FF5F4D6000DCB94 /* taniai1.csv */; };
		C7A203141FF5F4D9000DCB94 /* takemoto1.csv in Resources */ = {isa = PBXBuildFile; fileRef = C7A203101FF5F4D6000DCB94 /* takemoto1.csv */; };
		C7A203151FF5F4D9000DCB94 /* takemoto2.csv in Resources */ = {isa = PBXBuildFile; fileRef = C7A203111FF5F4D7000DCB94 /* takemoto2.csv */; };
		C7A203161FF5F4D9000DCB94 /* taniai2.csv in Resources */ = {isa = PBXBuildFile; fileRef = C7A203121FF5F4D8000DCB94 /* taniai2.csv */; };
		C7A2031E1FF6241F000DCB94 /* SmileToCheckInTests.swift in Sources */ = {isa = PBXBuildFile; fileRef = C7A2031D1FF6241F000DCB94 /* SmileToCheckInTests.swift */; };
		C7A203251FF62448000DCB94 /* Matrix.swift in Sources */ = {isa = PBXBuildFile; fileRef = C72C6EFA1FE4E3B6005F8C0B /* Matrix.swift */; };
		C7A2032D1FF79C12000DCB94 /* MultiArray.swift in Sources */ = {isa = PBXBuildFile; fileRef = C7A2032C1FF79C11000DCB94 /* MultiArray.swift */; };
		C7A2032F1FF79C28000DCB94 /* MLMultiArray+Image.swift in Sources */ = {isa = PBXBuildFile; fileRef = C7A2032E1FF79C28000DCB94 /* MLMultiArray+Image.swift */; };
		C7A203311FF79E36000DCB94 /* Math.swift in Sources */ = {isa = PBXBuildFile; fileRef = C7A203301FF79E35000DCB94 /* Math.swift */; };
		C7A203411FF91AE1000DCB94 /* taniai2.png in Resources */ = {isa = PBXBuildFile; fileRef = C7A2033C1FF91AE1000DCB94 /* taniai2.png */; };
		C7A203421FF91AE1000DCB94 /* taniai2.png in Resources */ = {isa = PBXBuildFile; fileRef = C7A2033C1FF91AE1000DCB94 /* taniai2.png */; };
		C7A203431FF91AE1000DCB94 /* taniai1.png in Resources */ = {isa = PBXBuildFile; fileRef = C7A2033D1FF91AE1000DCB94 /* taniai1.png */; };
		C7A203441FF91AE1000DCB94 /* taniai1.png in Resources */ = {isa = PBXBuildFile; fileRef = C7A2033D1FF91AE1000DCB94 /* taniai1.png */; };
		C7A203451FF91AE1000DCB94 /* takemoto1.png in Resources */ = {isa = PBXBuildFile; fileRef = C7A2033F1FF91AE1000DCB94 /* takemoto1.png */; };
		C7A203461FF91AE1000DCB94 /* takemoto1.png in Resources */ = {isa = PBXBuildFile; fileRef = C7A2033F1FF91AE1000DCB94 /* takemoto1.png */; };
		C7A203471FF91AE1000DCB94 /* takemoto2.png in Resources */ = {isa = PBXBuildFile; fileRef = C7A203401FF91AE1000DCB94 /* takemoto2.png */; };
		C7A203481FF91AE1000DCB94 /* takemoto2.png in Resources */ = {isa = PBXBuildFile; fileRef = C7A203401FF91AE1000DCB94 /* takemoto2.png */; };
		C7A203502000917D000DCB94 /* FaceNet3.mlmodel in Sources */ = {isa = PBXBuildFile; fileRef = C7A2034F2000917D000DCB94 /* FaceNet3.mlmodel */; };
		C7A203512000917D000DCB94 /* FaceNet3.mlmodel in Sources */ = {isa = PBXBuildFile; fileRef = C7A2034F2000917D000DCB94 /* FaceNet3.mlmodel */; };
		C7A2035320009182000DCB94 /* FaceNet4.mlmodel in Sources */ = {isa = PBXBuildFile; fileRef = C7A2035220009182000DCB94 /* FaceNet4.mlmodel */; };
		C7A2035420009182000DCB94 /* FaceNet4.mlmodel in Sources */ = {isa = PBXBuildFile; fileRef = C7A2035220009182000DCB94 /* FaceNet4.mlmodel */; };
		C7A20356200093D0000DCB94 /* FaceNet5.mlmodel in Sources */ = {isa = PBXBuildFile; fileRef = C7A20355200093D0000DCB94 /* FaceNet5.mlmodel */; };
		C7A20357200093D0000DCB94 /* FaceNet5.mlmodel in Sources */ = {isa = PBXBuildFile; fileRef = C7A20355200093D0000DCB94 /* FaceNet5.mlmodel */; };
		C7A2035F2000E9C9000DCB94 /* takemoto3.png in Resources */ = {isa = PBXBuildFile; fileRef = C7A203582000E9C8000DCB94 /* takemoto3.png */; };
		C7A203602000E9C9000DCB94 /* takemoto3.png in Resources */ = {isa = PBXBuildFile; fileRef = C7A203582000E9C8000DCB94 /* takemoto3.png */; };
		C7A203612000E9C9000DCB94 /* takemoto4.png in Resources */ = {isa = PBXBuildFile; fileRef = C7A203592000E9C8000DCB94 /* takemoto4.png */; };
		C7A203622000E9C9000DCB94 /* takemoto4.png in Resources */ = {isa = PBXBuildFile; fileRef = C7A203592000E9C8000DCB94 /* takemoto4.png */; };
		C7A203632000E9C9000DCB94 /* takemoto9.png in Resources */ = {isa = PBXBuildFile; fileRef = C7A2035A2000E9C8000DCB94 /* takemoto9.png */; };
		C7A203642000E9C9000DCB94 /* takemoto9.png in Resources */ = {isa = PBXBuildFile; fileRef = C7A2035A2000E9C8000DCB94 /* takemoto9.png */; };
		C7A203652000E9C9000DCB94 /* takemoto5.png in Resources */ = {isa = PBXBuildFile; fileRef = C7A2035B2000E9C8000DCB94 /* takemoto5.png */; };
		C7A203662000E9C9000DCB94 /* takemoto5.png in Resources */ = {isa = PBXBuildFile; fileRef = C7A2035B2000E9C8000DCB94 /* takemoto5.png */; };
		C7A203672000E9C9000DCB94 /* takemoto6.png in Resources */ = {isa = PBXBuildFile; fileRef = C7A2035C2000E9C8000DCB94 /* takemoto6.png */; };
		C7A203682000E9C9000DCB94 /* takemoto6.png in Resources */ = {isa = PBXBuildFile; fileRef = C7A2035C2000E9C8000DCB94 /* takemoto6.png */; };
		C7A203692000E9C9000DCB94 /* takemoto8.png in Resources */ = {isa = PBXBuildFile; fileRef = C7A2035D2000E9C8000DCB94 /* takemoto8.png */; };
		C7A2036A2000E9C9000DCB94 /* takemoto8.png in Resources */ = {isa = PBXBuildFile; fileRef = C7A2035D2000E9C8000DCB94 /* takemoto8.png */; };
		C7A2036B2000E9C9000DCB94 /* takemoto7.png in Resources */ = {isa = PBXBuildFile; fileRef = C7A2035E2000E9C8000DCB94 /* takemoto7.png */; };
		C7A2036C2000E9C9000DCB94 /* takemoto7.png in Resources */ = {isa = PBXBuildFile; fileRef = C7A2035E2000E9C8000DCB94 /* takemoto7.png */; };
		C7A203742000EAE2000DCB94 /* taniai5.png in Resources */ = {isa = PBXBuildFile; fileRef = C7A2036D2000EAE1000DCB94 /* taniai5.png */; };
		C7A203752000EAE2000DCB94 /* taniai5.png in Resources */ = {isa = PBXBuildFile; fileRef = C7A2036D2000EAE1000DCB94 /* taniai5.png */; };
		C7A203762000EAE2000DCB94 /* taniai9.png in Resources */ = {isa = PBXBuildFile; fileRef = C7A2036E2000EAE2000DCB94 /* taniai9.png */; };
		C7A203772000EAE2000DCB94 /* taniai9.png in Resources */ = {isa = PBXBuildFile; fileRef = C7A2036E2000EAE2000DCB94 /* taniai9.png */; };
		C7A203782000EAE2000DCB94 /* taniai7.png in Resources */ = {isa = PBXBuildFile; fileRef = C7A2036F2000EAE2000DCB94 /* taniai7.png */; };
		C7A203792000EAE2000DCB94 /* taniai7.png in Resources */ = {isa = PBXBuildFile; fileRef = C7A2036F2000EAE2000DCB94 /* taniai7.png */; };
		C7A2037A2000EAE2000DCB94 /* taniai6.png in Resources */ = {isa = PBXBuildFile; fileRef = C7A203702000EAE2000DCB94 /* taniai6.png */; };
		C7A2037B2000EAE2000DCB94 /* taniai6.png in Resources */ = {isa = PBXBuildFile; fileRef = C7A203702000EAE2000DCB94 /* taniai6.png */; };
		C7A2037C2000EAE2000DCB94 /* taniai3.png in Resources */ = {isa = PBXBuildFile; fileRef = C7A203712000EAE2000DCB94 /* taniai3.png */; };
		C7A2037D2000EAE2000DCB94 /* taniai3.png in Resources */ = {isa = PBXBuildFile; fileRef = C7A203712000EAE2000DCB94 /* taniai3.png */; };
		C7A2037E2000EAE2000DCB94 /* taniai8.png in Resources */ = {isa = PBXBuildFile; fileRef = C7A203722000EAE2000DCB94 /* taniai8.png */; };
		C7A2037F2000EAE2000DCB94 /* taniai8.png in Resources */ = {isa = PBXBuildFile; fileRef = C7A203722000EAE2000DCB94 /* taniai8.png */; };
		C7A203802000EAE2000DCB94 /* taniai4.png in Resources */ = {isa = PBXBuildFile; fileRef = C7A203732000EAE2000DCB94 /* taniai4.png */; };
		C7A203812000EAE2000DCB94 /* taniai4.png in Resources */ = {isa = PBXBuildFile; fileRef = C7A203732000EAE2000DCB94 /* taniai4.png */; };
		C7A203832000FCD3000DCB94 /* FaceNet6.mlmodel in Sources */ = {isa = PBXBuildFile; fileRef = C7A203822000FCD3000DCB94 /* FaceNet6.mlmodel */; };
		C7A203842000FCD3000DCB94 /* FaceNet6.mlmodel in Sources */ = {isa = PBXBuildFile; fileRef = C7A203822000FCD3000DCB94 /* FaceNet6.mlmodel */; };
		C7A203862000FFDC000DCB94 /* FaceNet7.mlmodel in Sources */ = {isa = PBXBuildFile; fileRef = C7A203852000FFDB000DCB94 /* FaceNet7.mlmodel */; };
		C7A203872000FFDC000DCB94 /* FaceNet7.mlmodel in Sources */ = {isa = PBXBuildFile; fileRef = C7A203852000FFDB000DCB94 /* FaceNet7.mlmodel */; };
		C7A20389200105EC000DCB94 /* FaceNet8.mlmodel in Sources */ = {isa = PBXBuildFile; fileRef = C7A20388200105EC000DCB94 /* FaceNet8.mlmodel */; };
		C7A2038A200105EC000DCB94 /* FaceNet8.mlmodel in Sources */ = {isa = PBXBuildFile; fileRef = C7A20388200105EC000DCB94 /* FaceNet8.mlmodel */; };
		C7CFF3C11FD2842D009EC847 /* MemberViewController.swift in Sources */ = {isa = PBXBuildFile; fileRef = C7CFF3C01FD2842D009EC847 /* MemberViewController.swift */; };
		C7CFF3C31FD28474009EC847 /* VideoCapture.swift in Sources */ = {isa = PBXBuildFile; fileRef = C7CFF3C21FD28474009EC847 /* VideoCapture.swift */; };
		C7CFF3C51FD28579009EC847 /* BoundingBox.swift in Sources */ = {isa = PBXBuildFile; fileRef = C7CFF3C41FD28579009EC847 /* BoundingBox.swift */; };
		C7CFF3C71FD29643009EC847 /* FPSCounter.swift in Sources */ = {isa = PBXBuildFile; fileRef = C7CFF3C61FD29643009EC847 /* FPSCounter.swift */; };
		C7F1E2E61FF0F04300D32497 /* Scaling.swift in Sources */ = {isa = PBXBuildFile; fileRef = C7F1E2E51FF0F04300D32497 /* Scaling.swift */; };
		C7F1E2E81FF0FB4C00D32497 /* FaceNetModel.mlmodel in Sources */ = {isa = PBXBuildFile; fileRef = C7F1E2E71FF0FB4C00D32497 /* FaceNetModel.mlmodel */; };
/* End PBXBuildFile section */

/* Begin PBXContainerItemProxy section */
		C7A203201FF6241F000DCB94 /* PBXContainerItemProxy */ = {
			isa = PBXContainerItemProxy;
			containerPortal = C71FAAD21FC3D7D400CC8664 /* Project object */;
			proxyType = 1;
			remoteGlobalIDString = C71FAAD91FC3D7D400CC8664;
			remoteInfo = SmileToCheckIn;
		};
/* End PBXContainerItemProxy section */

/* Begin PBXFileReference section */
		C71FAADA1FC3D7D400CC8664 /* SmileToCheckIn.app */ = {isa = PBXFileReference; explicitFileType = wrapper.application; includeInIndex = 0; path = SmileToCheckIn.app; sourceTree = BUILT_PRODUCTS_DIR; };
		C71FAADD1FC3D7D400CC8664 /* AppDelegate.swift */ = {isa = PBXFileReference; lastKnownFileType = sourcecode.swift; path = AppDelegate.swift; sourceTree = "<group>"; };
		C71FAADF1FC3D7D400CC8664 /* MomoViewController.swift */ = {isa = PBXFileReference; lastKnownFileType = sourcecode.swift; path = MomoViewController.swift; sourceTree = "<group>"; };
		C71FAAE21FC3D7D400CC8664 /* Base */ = {isa = PBXFileReference; lastKnownFileType = file.storyboard; name = Base; path = Base.lproj/Main.storyboard; sourceTree = "<group>"; };
		C71FAAE41FC3D7D400CC8664 /* Assets.xcassets */ = {isa = PBXFileReference; lastKnownFileType = folder.assetcatalog; path = Assets.xcassets; sourceTree = "<group>"; };
		C71FAAE71FC3D7D400CC8664 /* Base */ = {isa = PBXFileReference; lastKnownFileType = file.storyboard; name = Base; path = Base.lproj/LaunchScreen.storyboard; sourceTree = "<group>"; };
		C71FAAE91FC3D7D400CC8664 /* Info.plist */ = {isa = PBXFileReference; lastKnownFileType = text.plist.xml; path = Info.plist; sourceTree = "<group>"; };
		C71FAAEF1FC3D8A400CC8664 /* MomoPredict.mlmodel */ = {isa = PBXFileReference; lastKnownFileType = file.mlmodel; path = MomoPredict.mlmodel; sourceTree = "<group>"; };
		C71FAAF11FC3D90C00CC8664 /* OverlayView.swift */ = {isa = PBXFileReference; lastKnownFileType = sourcecode.swift; path = OverlayView.swift; sourceTree = "<group>"; };
		C72C6EF21FE4DA08005F8C0B /* MemberPredict.mlmodel */ = {isa = PBXFileReference; lastKnownFileType = file.mlmodel; path = MemberPredict.mlmodel; sourceTree = "<group>"; };
		C72C6EF41FE4DCB9005F8C0B /* OpenFace.mlmodel */ = {isa = PBXFileReference; lastKnownFileType = file.mlmodel; path = OpenFace.mlmodel; sourceTree = "<group>"; };
		C72C6EF61FE4DDAD005F8C0B /* OpenFaceViewController.swift */ = {isa = PBXFileReference; lastKnownFileType = sourcecode.swift; path = OpenFaceViewController.swift; sourceTree = "<group>"; };
		C72C6EF81FE4E156005F8C0B /* CVPixelBuffer+Helpers.swift */ = {isa = PBXFileReference; fileEncoding = 4; lastKnownFileType = sourcecode.swift; path = "CVPixelBuffer+Helpers.swift"; sourceTree = "<group>"; };
		C72C6EFA1FE4E3B6005F8C0B /* Matrix.swift */ = {isa = PBXFileReference; fileEncoding = 4; lastKnownFileType = sourcecode.swift; path = Matrix.swift; sourceTree = "<group>"; };
		C72C6EFE1FE4F93A005F8C0B /* UIImage+CVPixelBuffer.swift */ = {isa = PBXFileReference; fileEncoding = 4; lastKnownFileType = sourcecode.swift; path = "UIImage+CVPixelBuffer.swift"; sourceTree = "<group>"; };
		C72C6F001FE5044B005F8C0B /* clapton1.csv */ = {isa = PBXFileReference; fileEncoding = 4; lastKnownFileType = text; path = clapton1.csv; sourceTree = "<group>"; };
		C72C6F041FE5237D005F8C0B /* clapton1_openface.csv */ = {isa = PBXFileReference; fileEncoding = 4; lastKnownFileType = text; path = clapton1_openface.csv; sourceTree = "<group>"; };
		C72C6F061FE52476005F8C0B /* clapton2_openface.csv */ = {isa = PBXFileReference; fileEncoding = 4; lastKnownFileType = text; path = clapton2_openface.csv; sourceTree = "<group>"; };
		C72C6F081FE52557005F8C0B /* carell_openface.csv */ = {isa = PBXFileReference; fileEncoding = 4; lastKnownFileType = text; path = carell_openface.csv; sourceTree = "<group>"; };
		C72C6F0A1FE5601E005F8C0B /* lennon2.csv */ = {isa = PBXFileReference; fileEncoding = 4; lastKnownFileType = text; path = lennon2.csv; sourceTree = "<group>"; };
		C746DC2A1FF3A23E005BC1E1 /* FaceNet2.mlmodel */ = {isa = PBXFileReference; lastKnownFileType = file.mlmodel; name = FaceNet2.mlmodel; path = ../../../facenet/coreml/FaceNet2.mlmodel; sourceTree = "<group>"; };
		C746DC2C1FF3AA7C005BC1E1 /* lennon1.csv */ = {isa = PBXFileReference; fileEncoding = 4; lastKnownFileType = text; path = lennon1.csv; sourceTree = "<group>"; };
		C76063B7201072CB00C416AB /* MemberOhashiPredict.mlmodel */ = {isa = PBXFileReference; lastKnownFileType = file.mlmodel; name = MemberOhashiPredict.mlmodel; path = ../../../coreml/MemberOhashiPredict.mlmodel; sourceTree = "<group>"; };
		C7A2030F1FF5F4D6000DCB94 /* taniai1.csv */ = {isa = PBXFileReference; fileEncoding = 4; lastKnownFileType = text; path = taniai1.csv; sourceTree = "<group>"; };
		C7A203101FF5F4D6000DCB94 /* takemoto1.csv */ = {isa = PBXFileReference; fileEncoding = 4; lastKnownFileType = text; path = takemoto1.csv; sourceTree = "<group>"; };
		C7A203111FF5F4D7000DCB94 /* takemoto2.csv */ = {isa = PBXFileReference; fileEncoding = 4; lastKnownFileType = text; path = takemoto2.csv; sourceTree = "<group>"; };
		C7A203121FF5F4D8000DCB94 /* taniai2.csv */ = {isa = PBXFileReference; fileEncoding = 4; lastKnownFileType = text; path = taniai2.csv; sourceTree = "<group>"; };
		C7A2031B1FF6241F000DCB94 /* SmileToCheckInTests.xctest */ = {isa = PBXFileReference; explicitFileType = wrapper.cfbundle; includeInIndex = 0; path = SmileToCheckInTests.xctest; sourceTree = BUILT_PRODUCTS_DIR; };
		C7A2031D1FF6241F000DCB94 /* SmileToCheckInTests.swift */ = {isa = PBXFileReference; lastKnownFileType = sourcecode.swift; path = SmileToCheckInTests.swift; sourceTree = "<group>"; };
		C7A2031F1FF6241F000DCB94 /* Info.plist */ = {isa = PBXFileReference; lastKnownFileType = text.plist.xml; path = Info.plist; sourceTree = "<group>"; };
		C7A2032C1FF79C11000DCB94 /* MultiArray.swift */ = {isa = PBXFileReference; fileEncoding = 4; lastKnownFileType = sourcecode.swift; path = MultiArray.swift; sourceTree = "<group>"; };
		C7A2032E1FF79C28000DCB94 /* MLMultiArray+Image.swift */ = {isa = PBXFileReference; fileEncoding = 4; lastKnownFileType = sourcecode.swift; path = "MLMultiArray+Image.swift"; sourceTree = "<group>"; };
		C7A203301FF79E35000DCB94 /* Math.swift */ = {isa = PBXFileReference; fileEncoding = 4; lastKnownFileType = sourcecode.swift; path = Math.swift; sourceTree = "<group>"; };
		C7A2033C1FF91AE1000DCB94 /* taniai2.png */ = {isa = PBXFileReference; lastKnownFileType = image.png; path = taniai2.png; sourceTree = "<group>"; };
		C7A2033D1FF91AE1000DCB94 /* taniai1.png */ = {isa = PBXFileReference; lastKnownFileType = image.png; path = taniai1.png; sourceTree = "<group>"; };
		C7A2033F1FF91AE1000DCB94 /* takemoto1.png */ = {isa = PBXFileReference; lastKnownFileType = image.png; path = takemoto1.png; sourceTree = "<group>"; };
		C7A203401FF91AE1000DCB94 /* takemoto2.png */ = {isa = PBXFileReference; lastKnownFileType = image.png; path = takemoto2.png; sourceTree = "<group>"; };
		C7A2034F2000917D000DCB94 /* FaceNet3.mlmodel */ = {isa = PBXFileReference; lastKnownFileType = file.mlmodel; name = FaceNet3.mlmodel; path = ../../../facenet/coreml/FaceNet3.mlmodel; sourceTree = "<group>"; };
		C7A2035220009182000DCB94 /* FaceNet4.mlmodel */ = {isa = PBXFileReference; lastKnownFileType = file.mlmodel; name = FaceNet4.mlmodel; path = ../../../facenet/coreml/FaceNet4.mlmodel; sourceTree = "<group>"; };
		C7A20355200093D0000DCB94 /* FaceNet5.mlmodel */ = {isa = PBXFileReference; lastKnownFileType = file.mlmodel; name = FaceNet5.mlmodel; path = ../../../facenet/coreml/FaceNet5.mlmodel; sourceTree = "<group>"; };
		C7A203582000E9C8000DCB94 /* takemoto3.png */ = {isa = PBXFileReference; lastKnownFileType = image.png; path = takemoto3.png; sourceTree = "<group>"; };
		C7A203592000E9C8000DCB94 /* takemoto4.png */ = {isa = PBXFileReference; lastKnownFileType = image.png; path = takemoto4.png; sourceTree = "<group>"; };
		C7A2035A2000E9C8000DCB94 /* takemoto9.png */ = {isa = PBXFileReference; lastKnownFileType = image.png; path = takemoto9.png; sourceTree = "<group>"; };
		C7A2035B2000E9C8000DCB94 /* takemoto5.png */ = {isa = PBXFileReference; lastKnownFileType = image.png; path = takemoto5.png; sourceTree = "<group>"; };
		C7A2035C2000E9C8000DCB94 /* takemoto6.png */ = {isa = PBXFileReference; lastKnownFileType = image.png; path = takemoto6.png; sourceTree = "<group>"; };
		C7A2035D2000E9C8000DCB94 /* takemoto8.png */ = {isa = PBXFileReference; lastKnownFileType = image.png; path = takemoto8.png; sourceTree = "<group>"; };
		C7A2035E2000E9C8000DCB94 /* takemoto7.png */ = {isa = PBXFileReference; lastKnownFileType = image.png; path = takemoto7.png; sourceTree = "<group>"; };
		C7A2036D2000EAE1000DCB94 /* taniai5.png */ = {isa = PBXFileReference; lastKnownFileType = image.png; path = taniai5.png; sourceTree = "<group>"; };
		C7A2036E2000EAE2000DCB94 /* taniai9.png */ = {isa = PBXFileReference; lastKnownFileType = image.png; path = taniai9.png; sourceTree = "<group>"; };
		C7A2036F2000EAE2000DCB94 /* taniai7.png */ = {isa = PBXFileReference; lastKnownFileType = image.png; path = taniai7.png; sourceTree = "<group>"; };
		C7A203702000EAE2000DCB94 /* taniai6.png */ = {isa = PBXFileReference; lastKnownFileType = image.png; path = taniai6.png; sourceTree = "<group>"; };
		C7A203712000EAE2000DCB94 /* taniai3.png */ = {isa = PBXFileReference; lastKnownFileType = image.png; path = taniai3.png; sourceTree = "<group>"; };
		C7A203722000EAE2000DCB94 /* taniai8.png */ = {isa = PBXFileReference; lastKnownFileType = image.png; path = taniai8.png; sourceTree = "<group>"; };
		C7A203732000EAE2000DCB94 /* taniai4.png */ = {isa = PBXFileReference; lastKnownFileType = image.png; path = taniai4.png; sourceTree = "<group>"; };
		C7A203822000FCD3000DCB94 /* FaceNet6.mlmodel */ = {isa = PBXFileReference; lastKnownFileType = file.mlmodel; name = FaceNet6.mlmodel; path = ../../../facenet/coreml/FaceNet6.mlmodel; sourceTree = "<group>"; };
		C7A203852000FFDB000DCB94 /* FaceNet7.mlmodel */ = {isa = PBXFileReference; lastKnownFileType = file.mlmodel; name = FaceNet7.mlmodel; path = ../../../facenet/coreml/FaceNet7.mlmodel; sourceTree = "<group>"; };
		C7A20388200105EC000DCB94 /* FaceNet8.mlmodel */ = {isa = PBXFileReference; lastKnownFileType = file.mlmodel; name = FaceNet8.mlmodel; path = ../../../facenet/coreml/FaceNet8.mlmodel; sourceTree = "<group>"; };
		C7CFF3C01FD2842D009EC847 /* MemberViewController.swift */ = {isa = PBXFileReference; lastKnownFileType = sourcecode.swift; path = MemberViewController.swift; sourceTree = "<group>"; };
		C7CFF3C21FD28474009EC847 /* VideoCapture.swift */ = {isa = PBXFileReference; fileEncoding = 4; lastKnownFileType = sourcecode.swift; path = VideoCapture.swift; sourceTree = "<group>"; };
		C7CFF3C41FD28579009EC847 /* BoundingBox.swift */ = {isa = PBXFileReference; fileEncoding = 4; lastKnownFileType = sourcecode.swift; path = BoundingBox.swift; sourceTree = "<group>"; };
		C7CFF3C61FD29643009EC847 /* FPSCounter.swift */ = {isa = PBXFileReference; fileEncoding = 4; lastKnownFileType = sourcecode.swift; path = FPSCounter.swift; sourceTree = "<group>"; };
		C7F1E2E51FF0F04300D32497 /* Scaling.swift */ = {isa = PBXFileReference; lastKnownFileType = sourcecode.swift; path = Scaling.swift; sourceTree = "<group>"; };
		C7F1E2E71FF0FB4C00D32497 /* FaceNetModel.mlmodel */ = {isa = PBXFileReference; lastKnownFileType = file.mlmodel; path = FaceNetModel.mlmodel; sourceTree = "<group>"; };
/* End PBXFileReference section */

/* Begin PBXFrameworksBuildPhase section */
		C71FAAD71FC3D7D400CC8664 /* Frameworks */ = {
			isa = PBXFrameworksBuildPhase;
			buildActionMask = 2147483647;
			files = (
			);
			runOnlyForDeploymentPostprocessing = 0;
		};
		C7A203181FF6241F000DCB94 /* Frameworks */ = {
			isa = PBXFrameworksBuildPhase;
			buildActionMask = 2147483647;
			files = (
			);
			runOnlyForDeploymentPostprocessing = 0;
		};
/* End PBXFrameworksBuildPhase section */

/* Begin PBXGroup section */
		C71FAAD11FC3D7D400CC8664 = {
			isa = PBXGroup;
			children = (
				C71FAADC1FC3D7D400CC8664 /* SmileToCheckIn */,
				C7A2031C1FF6241F000DCB94 /* SmileToCheckInTests */,
				C71FAADB1FC3D7D400CC8664 /* Products */,
			);
			sourceTree = "<group>";
		};
		C71FAADB1FC3D7D400CC8664 /* Products */ = {
			isa = PBXGroup;
			children = (
				C71FAADA1FC3D7D400CC8664 /* SmileToCheckIn.app */,
				C7A2031B1FF6241F000DCB94 /* SmileToCheckInTests.xctest */,
			);
			name = Products;
			sourceTree = "<group>";
		};
		C71FAADC1FC3D7D400CC8664 /* SmileToCheckIn */ = {
			isa = PBXGroup;
			children = (
				C71FAADD1FC3D7D400CC8664 /* AppDelegate.swift */,
				C71FAADF1FC3D7D400CC8664 /* MomoViewController.swift */,
				C7CFF3C01FD2842D009EC847 /* MemberViewController.swift */,
				C72C6EF61FE4DDAD005F8C0B /* OpenFaceViewController.swift */,
				C71FAAF11FC3D90C00CC8664 /* OverlayView.swift */,
				C71FAAE11FC3D7D400CC8664 /* Main.storyboard */,
				C7CFF3C21FD28474009EC847 /* VideoCapture.swift */,
				C7CFF3C41FD28579009EC847 /* BoundingBox.swift */,
				C7CFF3C61FD29643009EC847 /* FPSCounter.swift */,
				C72C6EF81FE4E156005F8C0B /* CVPixelBuffer+Helpers.swift */,
				C72C6EFE1FE4F93A005F8C0B /* UIImage+CVPixelBuffer.swift */,
				C72C6EFA1FE4E3B6005F8C0B /* Matrix.swift */,
				C7A2032E1FF79C28000DCB94 /* MLMultiArray+Image.swift */,
				C7A2032C1FF79C11000DCB94 /* MultiArray.swift */,
				C7A203301FF79E35000DCB94 /* Math.swift */,
				C7F1E2E51FF0F04300D32497 /* Scaling.swift */,
				C71FAAE41FC3D7D400CC8664 /* Assets.xcassets */,
				C71FAAE61FC3D7D400CC8664 /* LaunchScreen.storyboard */,
				C71FAAE91FC3D7D400CC8664 /* Info.plist */,
				C76063B7201072CB00C416AB /* MemberOhashiPredict.mlmodel */,
				C72C6EF21FE4DA08005F8C0B /* MemberPredict.mlmodel */,
				C71FAAEF1FC3D8A400CC8664 /* MomoPredict.mlmodel */,
				C72C6EF41FE4DCB9005F8C0B /* OpenFace.mlmodel */,
				C7F1E2E71FF0FB4C00D32497 /* FaceNetModel.mlmodel */,
				C746DC2A1FF3A23E005BC1E1 /* FaceNet2.mlmodel */,
				C7A2034F2000917D000DCB94 /* FaceNet3.mlmodel */,
				C7A2035220009182000DCB94 /* FaceNet4.mlmodel */,
				C7A20355200093D0000DCB94 /* FaceNet5.mlmodel */,
				C7A203822000FCD3000DCB94 /* FaceNet6.mlmodel */,
				C7A203852000FFDB000DCB94 /* FaceNet7.mlmodel */,
				C7A20388200105EC000DCB94 /* FaceNet8.mlmodel */,
				C7A2033A1FF91AE1000DCB94 /* images_,member */,
				C72C6F001FE5044B005F8C0B /* clapton1.csv */,
				C746DC2C1FF3AA7C005BC1E1 /* lennon1.csv */,
				C72C6F0A1FE5601E005F8C0B /* lennon2.csv */,
				C7A203101FF5F4D6000DCB94 /* takemoto1.csv */,
				C7A203111FF5F4D7000DCB94 /* takemoto2.csv */,
				C7A2030F1FF5F4D6000DCB94 /* taniai1.csv */,
				C7A203121FF5F4D8000DCB94 /* taniai2.csv */,
				C72C6F041FE5237D005F8C0B /* clapton1_openface.csv */,
				C72C6F061FE52476005F8C0B /* clapton2_openface.csv */,
				C72C6F081FE52557005F8C0B /* carell_openface.csv */,
			);
			path = SmileToCheckIn;
			sourceTree = "<group>";
		};
		C7A2031C1FF6241F000DCB94 /* SmileToCheckInTests */ = {
			isa = PBXGroup;
			children = (
				C7A2031D1FF6241F000DCB94 /* SmileToCheckInTests.swift */,
				C7A2031F1FF6241F000DCB94 /* Info.plist */,
			);
			path = SmileToCheckInTests;
			sourceTree = "<group>";
		};
		C7A2033A1FF91AE1000DCB94 /* images_,member */ = {
			isa = PBXGroup;
			children = (
				C7A2033B1FF91AE1000DCB94 /* taniai */,
				C7A2033E1FF91AE1000DCB94 /* takemoto */,
			);
			path = "images_,member";
			sourceTree = "<group>";
		};
		C7A2033B1FF91AE1000DCB94 /* taniai */ = {
			isa = PBXGroup;
			children = (
				C7A2033D1FF91AE1000DCB94 /* taniai1.png */,
				C7A2033C1FF91AE1000DCB94 /* taniai2.png */,
				C7A203712000EAE2000DCB94 /* taniai3.png */,
				C7A203732000EAE2000DCB94 /* taniai4.png */,
				C7A2036D2000EAE1000DCB94 /* taniai5.png */,
				C7A203702000EAE2000DCB94 /* taniai6.png */,
				C7A2036F2000EAE2000DCB94 /* taniai7.png */,
				C7A203722000EAE2000DCB94 /* taniai8.png */,
				C7A2036E2000EAE2000DCB94 /* taniai9.png */,
			);
			path = taniai;
			sourceTree = "<group>";
		};
		C7A2033E1FF91AE1000DCB94 /* takemoto */ = {
			isa = PBXGroup;
			children = (
				C7A2033F1FF91AE1000DCB94 /* takemoto1.png */,
				C7A203401FF91AE1000DCB94 /* takemoto2.png */,
				C7A203582000E9C8000DCB94 /* takemoto3.png */,
				C7A203592000E9C8000DCB94 /* takemoto4.png */,
				C7A2035B2000E9C8000DCB94 /* takemoto5.png */,
				C7A2035C2000E9C8000DCB94 /* takemoto6.png */,
				C7A2035E2000E9C8000DCB94 /* takemoto7.png */,
				C7A2035D2000E9C8000DCB94 /* takemoto8.png */,
				C7A2035A2000E9C8000DCB94 /* takemoto9.png */,
			);
			path = takemoto;
			sourceTree = "<group>";
		};
/* End PBXGroup section */

/* Begin PBXNativeTarget section */
		C71FAAD91FC3D7D400CC8664 /* SmileToCheckIn */ = {
			isa = PBXNativeTarget;
			buildConfigurationList = C71FAAEC1FC3D7D400CC8664 /* Build configuration list for PBXNativeTarget "SmileToCheckIn" */;
			buildPhases = (
				C71FAAD61FC3D7D400CC8664 /* Sources */,
				C71FAAD71FC3D7D400CC8664 /* Frameworks */,
				C71FAAD81FC3D7D400CC8664 /* Resources */,
			);
			buildRules = (
			);
			dependencies = (
			);
			name = SmileToCheckIn;
			productName = SmileToCheckIn;
			productReference = C71FAADA1FC3D7D400CC8664 /* SmileToCheckIn.app */;
			productType = "com.apple.product-type.application";
		};
		C7A2031A1FF6241F000DCB94 /* SmileToCheckInTests */ = {
			isa = PBXNativeTarget;
			buildConfigurationList = C7A203221FF6241F000DCB94 /* Build configuration list for PBXNativeTarget "SmileToCheckInTests" */;
			buildPhases = (
				C7A203171FF6241F000DCB94 /* Sources */,
				C7A203181FF6241F000DCB94 /* Frameworks */,
				C7A203191FF6241F000DCB94 /* Resources */,
			);
			buildRules = (
			);
			dependencies = (
				C7A203211FF6241F000DCB94 /* PBXTargetDependency */,
			);
			name = SmileToCheckInTests;
			productName = SmileToCheckInTests;
			productReference = C7A2031B1FF6241F000DCB94 /* SmileToCheckInTests.xctest */;
			productType = "com.apple.product-type.bundle.unit-test";
		};
/* End PBXNativeTarget section */

/* Begin PBXProject section */
		C71FAAD21FC3D7D400CC8664 /* Project object */ = {
			isa = PBXProject;
			attributes = {
				LastSwiftUpdateCheck = 0920;
				LastUpgradeCheck = 0910;
				ORGANIZATIONNAME = "Osamu Suzuki";
				TargetAttributes = {
					C71FAAD91FC3D7D400CC8664 = {
						CreatedOnToolsVersion = 9.1;
						ProvisioningStyle = Automatic;
					};
					C7A2031A1FF6241F000DCB94 = {
						CreatedOnToolsVersion = 9.2;
						ProvisioningStyle = Automatic;
						TestTargetID = C71FAAD91FC3D7D400CC8664;
					};
				};
			};
			buildConfigurationList = C71FAAD51FC3D7D400CC8664 /* Build configuration list for PBXProject "SmileToCheckIn" */;
			compatibilityVersion = "Xcode 8.0";
			developmentRegion = en;
			hasScannedForEncodings = 0;
			knownRegions = (
				en,
				Base,
			);
			mainGroup = C71FAAD11FC3D7D400CC8664;
			productRefGroup = C71FAADB1FC3D7D400CC8664 /* Products */;
			projectDirPath = "";
			projectRoot = "";
			targets = (
				C71FAAD91FC3D7D400CC8664 /* SmileToCheckIn */,
				C7A2031A1FF6241F000DCB94 /* SmileToCheckInTests */,
			);
		};
/* End PBXProject section */

/* Begin PBXResourcesBuildPhase section */
		C71FAAD81FC3D7D400CC8664 /* Resources */ = {
			isa = PBXResourcesBuildPhase;
			buildActionMask = 2147483647;
			files = (
				C7A203141FF5F4D9000DCB94 /* takemoto1.csv in Resources */,
				C7A203151FF5F4D9000DCB94 /* takemoto2.csv in Resources */,
				C746DC2D1FF3AA7C005BC1E1 /* lennon1.csv in Resources */,
				C72C6F051FE5237D005F8C0B /* clapton1_openface.csv in Resources */,
				C7A203131FF5F4D9000DCB94 /* taniai1.csv in Resources */,
				C7A2037C2000EAE2000DCB94 /* taniai3.png in Resources */,
				C7A203632000E9C9000DCB94 /* takemoto9.png in Resources */,
				C7A2037A2000EAE2000DCB94 /* taniai6.png in Resources */,
				C7A203471FF91AE1000DCB94 /* takemoto2.png in Resources */,
				C7A203451FF91AE1000DCB94 /* takemoto1.png in Resources */,
				C72C6F0B1FE5601E005F8C0B /* lennon2.csv in Resources */,
				C7A203762000EAE2000DCB94 /* taniai9.png in Resources */,
				C72C6F091FE52557005F8C0B /* carell_openface.csv in Resources */,
				C7A203802000EAE2000DCB94 /* taniai4.png in Resources */,
				C7A203692000E9C9000DCB94 /* takemoto8.png in Resources */,
				C7A203612000E9C9000DCB94 /* takemoto4.png in Resources */,
				C72C6F011FE5044B005F8C0B /* clapton1.csv in Resources */,
				C7A203411FF91AE1000DCB94 /* taniai2.png in Resources */,
				C71FAAE81FC3D7D400CC8664 /* LaunchScreen.storyboard in Resources */,
				C7A203431FF91AE1000DCB94 /* taniai1.png in Resources */,
				C7A203742000EAE2000DCB94 /* taniai5.png in Resources */,
				C7A2035F2000E9C9000DCB94 /* takemoto3.png in Resources */,
				C71FAAE51FC3D7D400CC8664 /* Assets.xcassets in Resources */,
				C7A203161FF5F4D9000DCB94 /* taniai2.csv in Resources */,
				C7A2036B2000E9C9000DCB94 /* takemoto7.png in Resources */,
				C72C6F071FE52476005F8C0B /* clapton2_openface.csv in Resources */,
				C7A203652000E9C9000DCB94 /* takemoto5.png in Resources */,
				C7A203672000E9C9000DCB94 /* takemoto6.png in Resources */,
				C7A203782000EAE2000DCB94 /* taniai7.png in Resources */,
				C7A2037E2000EAE2000DCB94 /* taniai8.png in Resources */,
				C71FAAE31FC3D7D400CC8664 /* Main.storyboard in Resources */,
			);
			runOnlyForDeploymentPostprocessing = 0;
		};
		C7A203191FF6241F000DCB94 /* Resources */ = {
			isa = PBXResourcesBuildPhase;
			buildActionMask = 2147483647;
			files = (
				C7A203421FF91AE1000DCB94 /* taniai2.png in Resources */,
				C7A203752000EAE2000DCB94 /* taniai5.png in Resources */,
				C7A203662000E9C9000DCB94 /* takemoto5.png in Resources */,
				C7A2036A2000E9C9000DCB94 /* takemoto8.png in Resources */,
				C7A2036C2000E9C9000DCB94 /* takemoto7.png in Resources */,
				C7A203642000E9C9000DCB94 /* takemoto9.png in Resources */,
				C7A203461FF91AE1000DCB94 /* takemoto1.png in Resources */,
				C7A2037D2000EAE2000DCB94 /* taniai3.png in Resources */,
				C7A203682000E9C9000DCB94 /* takemoto6.png in Resources */,
				C7A203602000E9C9000DCB94 /* takemoto3.png in Resources */,
				C7A2037F2000EAE2000DCB94 /* taniai8.png in Resources */,
				C7A203792000EAE2000DCB94 /* taniai7.png in Resources */,
				C7A2037B2000EAE2000DCB94 /* taniai6.png in Resources */,
				C7A203772000EAE2000DCB94 /* taniai9.png in Resources */,
				C7A203481FF91AE1000DCB94 /* takemoto2.png in Resources */,
				C7A203622000E9C9000DCB94 /* takemoto4.png in Resources */,
				C7A203812000EAE2000DCB94 /* taniai4.png in Resources */,
				C7A203441FF91AE1000DCB94 /* taniai1.png in Resources */,
			);
			runOnlyForDeploymentPostprocessing = 0;
		};
/* End PBXResourcesBuildPhase section */

/* Begin PBXSourcesBuildPhase section */
		C71FAAD61FC3D7D400CC8664 /* Sources */ = {
			isa = PBXSourcesBuildPhase;
			buildActionMask = 2147483647;
			files = (
				C71FAAF01FC3D8A500CC8664 /* MomoPredict.mlmodel in Sources */,
				C72C6EF31FE4DA08005F8C0B /* MemberPredict.mlmodel in Sources */,
				C71FAAF21FC3D90C00CC8664 /* OverlayView.swift in Sources */,
				C7A2032F1FF79C28000DCB94 /* MLMultiArray+Image.swift in Sources */,
				C7A20389200105EC000DCB94 /* FaceNet8.mlmodel in Sources */,
				C7A203832000FCD3000DCB94 /* FaceNet6.mlmodel in Sources */,
				C72C6EFC1FE4E3B6005F8C0B /* Matrix.swift in Sources */,
				C7CFF3C51FD28579009EC847 /* BoundingBox.swift in Sources */,
				C76063B8201072CB00C416AB /* MemberOhashiPredict.mlmodel in Sources */,
				C71FAAE01FC3D7D400CC8664 /* MomoViewController.swift in Sources */,
				C7A20356200093D0000DCB94 /* FaceNet5.mlmodel in Sources */,
				C72C6EFF1FE4F93A005F8C0B /* UIImage+CVPixelBuffer.swift in Sources */,
				C7A2035320009182000DCB94 /* FaceNet4.mlmodel in Sources */,
				C72C6EF51FE4DCB9005F8C0B /* OpenFace.mlmodel in Sources */,
				C7F1E2E61FF0F04300D32497 /* Scaling.swift in Sources */,
				C7F1E2E81FF0FB4C00D32497 /* FaceNetModel.mlmodel in Sources */,
				C7CFF3C71FD29643009EC847 /* FPSCounter.swift in Sources */,
				C746DC2B1FF3A23E005BC1E1 /* FaceNet2.mlmodel in Sources */,
				C7CFF3C11FD2842D009EC847 /* MemberViewController.swift in Sources */,
				C7A203502000917D000DCB94 /* FaceNet3.mlmodel in Sources */,
				C7A2032D1FF79C12000DCB94 /* MultiArray.swift in Sources */,
				C7CFF3C31FD28474009EC847 /* VideoCapture.swift in Sources */,
				C72C6EF91FE4E156005F8C0B /* CVPixelBuffer+Helpers.swift in Sources */,
				C71FAADE1FC3D7D400CC8664 /* AppDelegate.swift in Sources */,
				C72C6EF71FE4DDAD005F8C0B /* OpenFaceViewController.swift in Sources */,
				C7A203311FF79E36000DCB94 /* Math.swift in Sources */,
				C7A203862000FFDC000DCB94 /* FaceNet7.mlmodel in Sources */,
			);
			runOnlyForDeploymentPostprocessing = 0;
		};
		C7A203171FF6241F000DCB94 /* Sources */ = {
			isa = PBXSourcesBuildPhase;
			buildActionMask = 2147483647;
			files = (
				C7A203251FF62448000DCB94 /* Matrix.swift in Sources */,
				C7A20357200093D0000DCB94 /* FaceNet5.mlmodel in Sources */,
				C7A203872000FFDC000DCB94 /* FaceNet7.mlmodel in Sources */,
				C7A2031E1FF6241F000DCB94 /* SmileToCheckInTests.swift in Sources */,
				C7A2035420009182000DCB94 /* FaceNet4.mlmodel in Sources */,
				C7A203842000FCD3000DCB94 /* FaceNet6.mlmodel in Sources */,
				C7A2038A200105EC000DCB94 /* FaceNet8.mlmodel in Sources */,
				C7A203512000917D000DCB94 /* FaceNet3.mlmodel in Sources */,
			);
			runOnlyForDeploymentPostprocessing = 0;
		};
/* End PBXSourcesBuildPhase section */

/* Begin PBXTargetDependency section */
		C7A203211FF6241F000DCB94 /* PBXTargetDependency */ = {
			isa = PBXTargetDependency;
			target = C71FAAD91FC3D7D400CC8664 /* SmileToCheckIn */;
			targetProxy = C7A203201FF6241F000DCB94 /* PBXContainerItemProxy */;
		};
/* End PBXTargetDependency section */

/* Begin PBXVariantGroup section */
		C71FAAE11FC3D7D400CC8664 /* Main.storyboard */ = {
			isa = PBXVariantGroup;
			children = (
				C71FAAE21FC3D7D400CC8664 /* Base */,
			);
			name = Main.storyboard;
			sourceTree = "<group>";
		};
		C71FAAE61FC3D7D400CC8664 /* LaunchScreen.storyboard */ = {
			isa = PBXVariantGroup;
			children = (
				C71FAAE71FC3D7D400CC8664 /* Base */,
			);
			name = LaunchScreen.storyboard;
			sourceTree = "<group>";
		};
/* End PBXVariantGroup section */

/* Begin XCBuildConfiguration section */
		C71FAAEA1FC3D7D400CC8664 /* Debug */ = {
			isa = XCBuildConfiguration;
			buildSettings = {
				ALWAYS_SEARCH_USER_PATHS = NO;
				CLANG_ANALYZER_NONNULL = YES;
				CLANG_ANALYZER_NUMBER_OBJECT_CONVERSION = YES_AGGRESSIVE;
				CLANG_CXX_LANGUAGE_STANDARD = "gnu++14";
				CLANG_CXX_LIBRARY = "libc++";
				CLANG_ENABLE_MODULES = YES;
				CLANG_ENABLE_OBJC_ARC = YES;
				CLANG_WARN_BLOCK_CAPTURE_AUTORELEASING = YES;
				CLANG_WARN_BOOL_CONVERSION = YES;
				CLANG_WARN_COMMA = YES;
				CLANG_WARN_CONSTANT_CONVERSION = YES;
				CLANG_WARN_DIRECT_OBJC_ISA_USAGE = YES_ERROR;
				CLANG_WARN_DOCUMENTATION_COMMENTS = YES;
				CLANG_WARN_EMPTY_BODY = YES;
				CLANG_WARN_ENUM_CONVERSION = YES;
				CLANG_WARN_INFINITE_RECURSION = YES;
				CLANG_WARN_INT_CONVERSION = YES;
				CLANG_WARN_NON_LITERAL_NULL_CONVERSION = YES;
				CLANG_WARN_OBJC_LITERAL_CONVERSION = YES;
				CLANG_WARN_OBJC_ROOT_CLASS = YES_ERROR;
				CLANG_WARN_RANGE_LOOP_ANALYSIS = YES;
				CLANG_WARN_STRICT_PROTOTYPES = YES;
				CLANG_WARN_SUSPICIOUS_MOVE = YES;
				CLANG_WARN_UNGUARDED_AVAILABILITY = YES_AGGRESSIVE;
				CLANG_WARN_UNREACHABLE_CODE = YES;
				CLANG_WARN__DUPLICATE_METHOD_MATCH = YES;
				CODE_SIGN_IDENTITY = "iPhone Developer";
				COPY_PHASE_STRIP = NO;
				DEBUG_INFORMATION_FORMAT = dwarf;
				ENABLE_STRICT_OBJC_MSGSEND = YES;
				ENABLE_TESTABILITY = YES;
				GCC_C_LANGUAGE_STANDARD = gnu11;
				GCC_DYNAMIC_NO_PIC = NO;
				GCC_NO_COMMON_BLOCKS = YES;
				GCC_OPTIMIZATION_LEVEL = 0;
				GCC_PREPROCESSOR_DEFINITIONS = (
					"DEBUG=1",
					"$(inherited)",
				);
				GCC_WARN_64_TO_32_BIT_CONVERSION = YES;
				GCC_WARN_ABOUT_RETURN_TYPE = YES_ERROR;
				GCC_WARN_UNDECLARED_SELECTOR = YES;
				GCC_WARN_UNINITIALIZED_AUTOS = YES_AGGRESSIVE;
				GCC_WARN_UNUSED_FUNCTION = YES;
				GCC_WARN_UNUSED_VARIABLE = YES;
				IPHONEOS_DEPLOYMENT_TARGET = 11.2;
				MTL_ENABLE_DEBUG_INFO = YES;
				ONLY_ACTIVE_ARCH = YES;
				SDKROOT = iphoneos;
				SWIFT_ACTIVE_COMPILATION_CONDITIONS = DEBUG;
				SWIFT_OPTIMIZATION_LEVEL = "-Onone";
			};
			name = Debug;
		};
		C71FAAEB1FC3D7D400CC8664 /* Release */ = {
			isa = XCBuildConfiguration;
			buildSettings = {
				ALWAYS_SEARCH_USER_PATHS = NO;
				CLANG_ANALYZER_NONNULL = YES;
				CLANG_ANALYZER_NUMBER_OBJECT_CONVERSION = YES_AGGRESSIVE;
				CLANG_CXX_LANGUAGE_STANDARD = "gnu++14";
				CLANG_CXX_LIBRARY = "libc++";
				CLANG_ENABLE_MODULES = YES;
				CLANG_ENABLE_OBJC_ARC = YES;
				CLANG_WARN_BLOCK_CAPTURE_AUTORELEASING = YES;
				CLANG_WARN_BOOL_CONVERSION = YES;
				CLANG_WARN_COMMA = YES;
				CLANG_WARN_CONSTANT_CONVERSION = YES;
				CLANG_WARN_DIRECT_OBJC_ISA_USAGE = YES_ERROR;
				CLANG_WARN_DOCUMENTATION_COMMENTS = YES;
				CLANG_WARN_EMPTY_BODY = YES;
				CLANG_WARN_ENUM_CONVERSION = YES;
				CLANG_WARN_INFINITE_RECURSION = YES;
				CLANG_WARN_INT_CONVERSION = YES;
				CLANG_WARN_NON_LITERAL_NULL_CONVERSION = YES;
				CLANG_WARN_OBJC_LITERAL_CONVERSION = YES;
				CLANG_WARN_OBJC_ROOT_CLASS = YES_ERROR;
				CLANG_WARN_RANGE_LOOP_ANALYSIS = YES;
				CLANG_WARN_STRICT_PROTOTYPES = YES;
				CLANG_WARN_SUSPICIOUS_MOVE = YES;
				CLANG_WARN_UNGUARDED_AVAILABILITY = YES_AGGRESSIVE;
				CLANG_WARN_UNREACHABLE_CODE = YES;
				CLANG_WARN__DUPLICATE_METHOD_MATCH = YES;
				CODE_SIGN_IDENTITY = "iPhone Developer";
				COPY_PHASE_STRIP = NO;
				DEBUG_INFORMATION_FORMAT = "dwarf-with-dsym";
				ENABLE_NS_ASSERTIONS = NO;
				ENABLE_STRICT_OBJC_MSGSEND = YES;
				GCC_C_LANGUAGE_STANDARD = gnu11;
				GCC_NO_COMMON_BLOCKS = YES;
				GCC_WARN_64_TO_32_BIT_CONVERSION = YES;
				GCC_WARN_ABOUT_RETURN_TYPE = YES_ERROR;
				GCC_WARN_UNDECLARED_SELECTOR = YES;
				GCC_WARN_UNINITIALIZED_AUTOS = YES_AGGRESSIVE;
				GCC_WARN_UNUSED_FUNCTION = YES;
				GCC_WARN_UNUSED_VARIABLE = YES;
				IPHONEOS_DEPLOYMENT_TARGET = 11.2;
				MTL_ENABLE_DEBUG_INFO = NO;
				SDKROOT = iphoneos;
				SWIFT_OPTIMIZATION_LEVEL = "-Owholemodule";
				VALIDATE_PRODUCT = YES;
			};
			name = Release;
		};
		C71FAAED1FC3D7D400CC8664 /* Debug */ = {
			isa = XCBuildConfiguration;
			buildSettings = {
				ASSETCATALOG_COMPILER_APPICON_NAME = AppIcon;
				CODE_SIGN_STYLE = Automatic;
				DEVELOPMENT_TEAM = EV6MDECWF6;
				INFOPLIST_FILE = SmileToCheckIn/Info.plist;
				IPHONEOS_DEPLOYMENT_TARGET = 11.2;
				LD_RUNPATH_SEARCH_PATHS = "$(inherited) @executable_path/Frameworks";
				PRODUCT_BUNDLE_IDENTIFIER = osuzuki.SmileToCheckIn;
				PRODUCT_NAME = "$(TARGET_NAME)";
				SWIFT_VERSION = 4.0;
				TARGETED_DEVICE_FAMILY = "1,2";
			};
			name = Debug;
		};
		C71FAAEE1FC3D7D400CC8664 /* Release */ = {
			isa = XCBuildConfiguration;
			buildSettings = {
				ASSETCATALOG_COMPILER_APPICON_NAME = AppIcon;
				CODE_SIGN_STYLE = Automatic;
				DEVELOPMENT_TEAM = EV6MDECWF6;
				INFOPLIST_FILE = SmileToCheckIn/Info.plist;
				IPHONEOS_DEPLOYMENT_TARGET = 11.2;
				LD_RUNPATH_SEARCH_PATHS = "$(inherited) @executable_path/Frameworks";
				PRODUCT_BUNDLE_IDENTIFIER = osuzuki.SmileToCheckIn;
				PRODUCT_NAME = "$(TARGET_NAME)";
				SWIFT_VERSION = 4.0;
				TARGETED_DEVICE_FAMILY = "1,2";
			};
			name = Release;
		};
		C7A203231FF6241F000DCB94 /* Debug */ = {
			isa = XCBuildConfiguration;
			buildSettings = {
				BUNDLE_LOADER = "$(TEST_HOST)";
				CODE_SIGN_STYLE = Automatic;
				DEVELOPMENT_TEAM = EV6MDECWF6;
				INFOPLIST_FILE = SmileToCheckInTests/Info.plist;
				LD_RUNPATH_SEARCH_PATHS = "$(inherited) @executable_path/Frameworks @loader_path/Frameworks";
				PRODUCT_BUNDLE_IDENTIFIER = osuzuki.SmileToCheckInTests;
				PRODUCT_NAME = "$(TARGET_NAME)";
				SWIFT_VERSION = 4.0;
				TARGETED_DEVICE_FAMILY = "1,2";
				TEST_HOST = "$(BUILT_PRODUCTS_DIR)/SmileToCheckIn.app/SmileToCheckIn";
			};
			name = Debug;
		};
		C7A203241FF6241F000DCB94 /* Release */ = {
			isa = XCBuildConfiguration;
			buildSettings = {
				BUNDLE_LOADER = "$(TEST_HOST)";
				CODE_SIGN_STYLE = Automatic;
				DEVELOPMENT_TEAM = EV6MDECWF6;
				INFOPLIST_FILE = SmileToCheckInTests/Info.plist;
				LD_RUNPATH_SEARCH_PATHS = "$(inherited) @executable_path/Frameworks @loader_path/Frameworks";
				PRODUCT_BUNDLE_IDENTIFIER = osuzuki.SmileToCheckInTests;
				PRODUCT_NAME = "$(TARGET_NAME)";
				SWIFT_VERSION = 4.0;
				TARGETED_DEVICE_FAMILY = "1,2";
				TEST_HOST = "$(BUILT_PRODUCTS_DIR)/SmileToCheckIn.app/SmileToCheckIn";
			};
			name = Release;
		};
/* End XCBuildConfiguration section */

/* Begin XCConfigurationList section */
		C71FAAD51FC3D7D400CC8664 /* Build configuration list for PBXProject "SmileToCheckIn" */ = {
			isa = XCConfigurationList;
			buildConfigurations = (
				C71FAAEA1FC3D7D400CC8664 /* Debug */,
				C71FAAEB1FC3D7D400CC8664 /* Release */,
			);
			defaultConfigurationIsVisible = 0;
			defaultConfigurationName = Release;
		};
		C71FAAEC1FC3D7D400CC8664 /* Build configuration list for PBXNativeTarget "SmileToCheckIn" */ = {
			isa = XCConfigurationList;
			buildConfigurations = (
				C71FAAED1FC3D7D400CC8664 /* Debug */,
				C71FAAEE1FC3D7D400CC8664 /* Release */,
			);
			defaultConfigurationIsVisible = 0;
			defaultConfigurationName = Release;
		};
		C7A203221FF6241F000DCB94 /* Build configuration list for PBXNativeTarget "SmileToCheckInTests" */ = {
			isa = XCConfigurationList;
			buildConfigurations = (
				C7A203231FF6241F000DCB94 /* Debug */,
				C7A203241FF6241F000DCB94 /* Release */,
			);
			defaultConfigurationIsVisible = 0;
			defaultConfigurationName = Release;
		};
/* End XCConfigurationList section */
	};
	rootObject = C71FAAD21FC3D7D400CC8664 /* Project object */;
}
